
Microsoft Visual Studio Solution File, Format Version 12.00
# Visual Studio 2013
VisualStudioVersion = 12.0.30723.0
MinimumVisualStudioVersion = 10.0.40219.1
Project("{FAE04EC0-301F-11D3-BF4B-00C04F79EFBC}") = "WorkoutPlanObjects", "WorkoutPlanObjects\WorkoutPlanObjects.csproj", "{4ADD8400-2960-4871-93F7-D9E7E5D25BFD}"
EndProject
Project("{FAE04EC0-301F-11D3-BF4B-00C04F79EFBC}") = "WorkoutDBObject", "WorkoutDBObject\WorkoutDBObject.csproj", "{4D96F059-9538-4B87-A4CA-70EBBEE986A2}"
EndProject
Project("{FAE04EC0-301F-11D3-BF4B-00C04F79EFBC}") = "WorkoutPlanAPI", "WorkoutPlanAPI\WorkoutPlanAPI.csproj", "{B4CD976A-AE1A-40D3-BA38-CB27E63341C4}"
EndProject
Project("{FAE04EC0-301F-11D3-BF4B-00C04F79EFBC}") = "WorkoutPlanWeb", "WorkoutPlanWeb\WorkoutPlanWeb.csproj", "{7786134F-46EA-459C-8E76-B3789B1FDF96}"
EndProject
Project("{00D1A9C2-B5F0-4AF3-8072-F6C62B433612}") = "SwimWorkoutsDB", "SwimWorkoutsDB\SwimWorkoutsDB.sqlproj", "{E7E7337F-7C2A-4191-8D5B-77ED80E3B526}"
EndProject
Global
	GlobalSection(SolutionConfigurationPlatforms) = preSolution
		Debug|Any CPU = Debug|Any CPU
		Release|Any CPU = Release|Any CPU
	EndGlobalSection
	GlobalSection(ProjectConfigurationPlatforms) = postSolution
		{4ADD8400-2960-4871-93F7-D9E7E5D25BFD}.Debug|Any CPU.ActiveCfg = Debug|Any CPU
		{4ADD8400-2960-4871-93F7-D9E7E5D25BFD}.Debug|Any CPU.Build.0 = Debug|Any CPU
		{4ADD8400-2960-4871-93F7-D9E7E5D25BFD}.Release|Any CPU.ActiveCfg = Release|Any CPU
		{4ADD8400-2960-4871-93F7-D9E7E5D25BFD}.Release|Any CPU.Build.0 = Release|Any CPU
		{4D96F059-9538-4B87-A4CA-70EBBEE986A2}.Debug|Any CPU.ActiveCfg = Debug|Any CPU
		{4D96F059-9538-4B87-A4CA-70EBBEE986A2}.Debug|Any CPU.Build.0 = Debug|Any CPU
		{4D96F059-9538-4B87-A4CA-70EBBEE986A2}.Release|Any CPU.ActiveCfg = Release|Any CPU
		{4D96F059-9538-4B87-A4CA-70EBBEE986A2}.Release|Any CPU.Build.0 = Release|Any CPU
		{B4CD976A-AE1A-40D3-BA38-CB27E63341C4}.Debug|Any CPU.ActiveCfg = Debug|Any CPU
		{B4CD976A-AE1A-40D3-BA38-CB27E63341C4}.Debug|Any CPU.Build.0 = Debug|Any CPU
		{B4CD976A-AE1A-40D3-BA38-CB27E63341C4}.Release|Any CPU.ActiveCfg = Release|Any CPU
		{B4CD976A-AE1A-40D3-BA38-CB27E63341C4}.Release|Any CPU.Build.0 = Release|Any CPU
		{7786134F-46EA-459C-8E76-B3789B1FDF96}.Debug|Any CPU.ActiveCfg = Debug|Any CPU
		{7786134F-46EA-459C-8E76-B3789B1FDF96}.Debug|Any CPU.Build.0 = Debug|Any CPU
		{7786134F-46EA-459C-8E76-B3789B1FDF96}.Release|Any CPU.ActiveCfg = Release|Any CPU
		{7786134F-46EA-459C-8E76-B3789B1FDF96}.Release|Any CPU.Build.0 = Release|Any CPU
		{E7E7337F-7C2A-4191-8D5B-77ED80E3B526}.Debug|Any CPU.ActiveCfg = Debug|Any CPU
		{E7E7337F-7C2A-4191-8D5B-77ED80E3B526}.Debug|Any CPU.Build.0 = Debug|Any CPU
		{E7E7337F-7C2A-4191-8D5B-77ED80E3B526}.Debug|Any CPU.Deploy.0 = Debug|Any CPU
		{E7E7337F-7C2A-4191-8D5B-77ED80E3B526}.Release|Any CPU.ActiveCfg = Release|Any CPU
		{E7E7337F-7C2A-4191-8D5B-77ED80E3B526}.Release|Any CPU.Build.0 = Release|Any CPU
		{E7E7337F-7C2A-4191-8D5B-77ED80E3B526}.Release|Any CPU.Deploy.0 = Release|Any CPU
	EndGlobalSection
	GlobalSection(SolutionProperties) = preSolution
		HideSolutionNode = FALSE
	EndGlobalSection
EndGlobal
